
Microsoft Visual Studio Solution File, Format Version 12.00
# Visual Studio Version 17
VisualStudioVersion = 17.6.33815.320
MinimumVisualStudioVersion = 10.0.40219.1
Project("{FAE04EC0-301F-11D3-BF4B-00C04F79EFBC}") = "MyGame", "MyGame.csproj", "{E2A46A67-ED5E-4446-8DBF-ED272DE8824D}"
EndProject
Global
	GlobalSection(SolutionConfigurationPlatforms) = preSolution
		Debug|Any CPU = Debug|Any CPU
		Release|Any CPU = Release|Any CPU
	EndGlobalSection
	GlobalSection(ProjectConfigurationPlatforms) = postSolution
		{E2A46A67-ED5E-4446-8DBF-ED272DE8824D}.Debug|Any CPU.ActiveCfg = Debug|Any CPU
		{E2A46A67-ED5E-4446-8DBF-ED272DE8824D}.Debug|Any CPU.Build.0 = Debug|Any CPU
		{E2A46A67-ED5E-4446-8DBF-ED272DE8824D}.Release|Any CPU.ActiveCfg = Release|Any CPU
		{E2A46A67-ED5E-4446-8DBF-ED272DE8824D}.Release|Any CPU.Build.0 = Release|Any CPU
	EndGlobalSection
	GlobalSection(SolutionProperties) = preSolution
		HideSolutionNode = FALSE
	EndGlobalSection
	GlobalSection(ExtensibilityGlobals) = postSolution
		SolutionGuid = {600B837E-089B-40C1-A0C8-42FD13BA4458}
	EndGlobalSection
EndGlobal
